
Microsoft Visual Studio Solution File, Format Version 12.00
# Visual Studio 15
VisualStudioVersion = 15.0.27703.2042
MinimumVisualStudioVersion = 10.0.40219.1
Project("{FAE04EC0-301F-11D3-BF4B-00C04F79EFBC}") = "Applications", "Applications\Applications.csproj", "{5A02EA69-F74A-462C-9706-5DE0318BFABC}"
EndProject
Global
	GlobalSection(SolutionConfigurationPlatforms) = preSolution
		Debug|Any CPU = Debug|Any CPU
		Release|Any CPU = Release|Any CPU
	EndGlobalSection
	GlobalSection(ProjectConfigurationPlatforms) = postSolution
		{5A02EA69-F74A-462C-9706-5DE0318BFABC}.Debug|Any CPU.ActiveCfg = Debug|Any CPU
		{5A02EA69-F74A-462C-9706-5DE0318BFABC}.Debug|Any CPU.Build.0 = Debug|Any CPU
		{5A02EA69-F74A-462C-9706-5DE0318BFABC}.Release|Any CPU.ActiveCfg = Release|Any CPU
		{5A02EA69-F74A-462C-9706-5DE0318BFABC}.Release|Any CPU.Build.0 = Release|Any CPU
	EndGlobalSection
	GlobalSection(SolutionProperties) = preSolution
		HideSolutionNode = FALSE
	EndGlobalSection
	GlobalSection(ExtensibilityGlobals) = postSolution
		SolutionGuid = {748A6D51-B088-4B4A-8C50-62E3D33712F9}
	EndGlobalSection
EndGlobal
